# This file is automatically @generated by Cargo.
# It is not intended for manual editing.
version = 3

[[package]]
name = "array-bytes"
version = "6.2.3"
source = "registry+https://github.com/rust-lang/crates.io-index"
checksum = "5d5dde061bd34119e902bbb2d9b90c5692635cf59fb91d582c2b68043f1b8293"

[[package]]
name = "group-assignment-1"
version = "0.1.0"
dependencies = [
 "array-bytes",
]
